
Microsoft Visual Studio Solution File, Format Version 12.00
# Visual Studio Version 17
VisualStudioVersion = 17.0.32112.339
MinimumVisualStudioVersion = 10.0.40219.1
Project("{8BC9CEB8-8B4A-11D0-8D11-00A0C91BC942}") = "WS06_P1", "WS06_P1.vcxproj", "{7455E073-DD16-4D13-BE45-EFB103FFF1E6}"
EndProject
Global
	GlobalSection(SolutionConfigurationPlatforms) = preSolution
		Debug|x64 = Debug|x64
		Debug|x86 = Debug|x86
		Release|x64 = Release|x64
		Release|x86 = Release|x86
	EndGlobalSection
	GlobalSection(ProjectConfigurationPlatforms) = postSolution
		{7455E073-DD16-4D13-BE45-EFB103FFF1E6}.Debug|x64.ActiveCfg = Debug|x64
		{7455E073-DD16-4D13-BE45-EFB103FFF1E6}.Debug|x64.Build.0 = Debug|x64
		{7455E073-DD16-4D13-BE45-EFB103FFF1E6}.Debug|x86.ActiveCfg = Debug|Win32
		{7455E073-DD16-4D13-BE45-EFB103FFF1E6}.Debug|x86.Build.0 = Debug|Win32
		{7455E073-DD16-4D13-BE45-EFB103FFF1E6}.Release|x64.ActiveCfg = Release|x64
		{7455E073-DD16-4D13-BE45-EFB103FFF1E6}.Release|x64.Build.0 = Release|x64
		{7455E073-DD16-4D13-BE45-EFB103FFF1E6}.Release|x86.ActiveCfg = Release|Win32
		{7455E073-DD16-4D13-BE45-EFB103FFF1E6}.Release|x86.Build.0 = Release|Win32
	EndGlobalSection
	GlobalSection(SolutionProperties) = preSolution
		HideSolutionNode = FALSE
	EndGlobalSection
	GlobalSection(ExtensibilityGlobals) = postSolution
		SolutionGuid = {FB230FFD-271B-44F0-BAD6-B6517BA13EB1}
	EndGlobalSection
EndGlobal
