
Microsoft Visual Studio Solution File, Format Version 12.00
# Visual Studio Version 17
VisualStudioVersion = 17.0.32112.339
MinimumVisualStudioVersion = 10.0.40219.1
Project("{8BC9CEB8-8B4A-11D0-8D11-00A0C91BC942}") = "WS05_P2", "WS05_P2.vcxproj", "{B1E537DF-C966-4D2C-9F6F-F816BE233EA9}"
EndProject
Global
	GlobalSection(SolutionConfigurationPlatforms) = preSolution
		Debug|x64 = Debug|x64
		Debug|x86 = Debug|x86
		Release|x64 = Release|x64
		Release|x86 = Release|x86
	EndGlobalSection
	GlobalSection(ProjectConfigurationPlatforms) = postSolution
		{B1E537DF-C966-4D2C-9F6F-F816BE233EA9}.Debug|x64.ActiveCfg = Debug|x64
		{B1E537DF-C966-4D2C-9F6F-F816BE233EA9}.Debug|x64.Build.0 = Debug|x64
		{B1E537DF-C966-4D2C-9F6F-F816BE233EA9}.Debug|x86.ActiveCfg = Debug|Win32
		{B1E537DF-C966-4D2C-9F6F-F816BE233EA9}.Debug|x86.Build.0 = Debug|Win32
		{B1E537DF-C966-4D2C-9F6F-F816BE233EA9}.Release|x64.ActiveCfg = Release|x64
		{B1E537DF-C966-4D2C-9F6F-F816BE233EA9}.Release|x64.Build.0 = Release|x64
		{B1E537DF-C966-4D2C-9F6F-F816BE233EA9}.Release|x86.ActiveCfg = Release|Win32
		{B1E537DF-C966-4D2C-9F6F-F816BE233EA9}.Release|x86.Build.0 = Release|Win32
	EndGlobalSection
	GlobalSection(SolutionProperties) = preSolution
		HideSolutionNode = FALSE
	EndGlobalSection
	GlobalSection(ExtensibilityGlobals) = postSolution
		SolutionGuid = {87BDE02E-57C7-4E95-93AC-28BDC55FE870}
	EndGlobalSection
EndGlobal
