
Microsoft Visual Studio Solution File, Format Version 12.00
# Visual Studio Version 17
VisualStudioVersion = 17.0.32112.339
MinimumVisualStudioVersion = 10.0.40219.1
Project("{8BC9CEB8-8B4A-11D0-8D11-00A0C91BC942}") = "WS10", "WS10.vcxproj", "{1C51636F-99CB-4E7C-A867-A3052A6857BD}"
EndProject
Global
	GlobalSection(SolutionConfigurationPlatforms) = preSolution
		Debug|x64 = Debug|x64
		Debug|x86 = Debug|x86
		Release|x64 = Release|x64
		Release|x86 = Release|x86
	EndGlobalSection
	GlobalSection(ProjectConfigurationPlatforms) = postSolution
		{1C51636F-99CB-4E7C-A867-A3052A6857BD}.Debug|x64.ActiveCfg = Debug|x64
		{1C51636F-99CB-4E7C-A867-A3052A6857BD}.Debug|x64.Build.0 = Debug|x64
		{1C51636F-99CB-4E7C-A867-A3052A6857BD}.Debug|x86.ActiveCfg = Debug|Win32
		{1C51636F-99CB-4E7C-A867-A3052A6857BD}.Debug|x86.Build.0 = Debug|Win32
		{1C51636F-99CB-4E7C-A867-A3052A6857BD}.Release|x64.ActiveCfg = Release|x64
		{1C51636F-99CB-4E7C-A867-A3052A6857BD}.Release|x64.Build.0 = Release|x64
		{1C51636F-99CB-4E7C-A867-A3052A6857BD}.Release|x86.ActiveCfg = Release|Win32
		{1C51636F-99CB-4E7C-A867-A3052A6857BD}.Release|x86.Build.0 = Release|Win32
	EndGlobalSection
	GlobalSection(SolutionProperties) = preSolution
		HideSolutionNode = FALSE
	EndGlobalSection
	GlobalSection(ExtensibilityGlobals) = postSolution
		SolutionGuid = {F7CCEE7E-10F6-4B6D-9698-0428F0AA1E46}
	EndGlobalSection
EndGlobal
